
Microsoft Visual Studio Solution File, Format Version 12.00
# Visual Studio Version 16
VisualStudioVersion = 16.0.30621.155
MinimumVisualStudioVersion = 10.0.40219.1
Project("{FAE04EC0-301F-11D3-BF4B-00C04F79EFBC}") = "asd", "asd.csproj", "{F46A38CA-6CA0-4058-8A2A-26F8EB0FB08F}"
EndProject
Global
	GlobalSection(SolutionConfigurationPlatforms) = preSolution
		Debug|Any CPU = Debug|Any CPU
		Release|Any CPU = Release|Any CPU
	EndGlobalSection
	GlobalSection(ProjectConfigurationPlatforms) = postSolution
		{F46A38CA-6CA0-4058-8A2A-26F8EB0FB08F}.Debug|Any CPU.ActiveCfg = Debug|Any CPU
		{F46A38CA-6CA0-4058-8A2A-26F8EB0FB08F}.Debug|Any CPU.Build.0 = Debug|Any CPU
		{F46A38CA-6CA0-4058-8A2A-26F8EB0FB08F}.Release|Any CPU.ActiveCfg = Release|Any CPU
		{F46A38CA-6CA0-4058-8A2A-26F8EB0FB08F}.Release|Any CPU.Build.0 = Release|Any CPU
	EndGlobalSection
	GlobalSection(SolutionProperties) = preSolution
		HideSolutionNode = FALSE
	EndGlobalSection
	GlobalSection(ExtensibilityGlobals) = postSolution
		SolutionGuid = {FA404F49-BEEC-453B-A882-A17B00B9F017}
	EndGlobalSection
EndGlobal
